
Microsoft Visual Studio Solution File, Format Version 12.00
# Visual Studio 15
VisualStudioVersion = 15.0.27703.2035
MinimumVisualStudioVersion = 10.0.40219.1
Project("{FAE04EC0-301F-11D3-BF4B-00C04F79EFBC}") = "WebApiEMWA", "WebApiEMWA\WebApiEMWA.csproj", "{11CAA95F-D250-45D7-A123-1FF8E67603C6}"
EndProject
Global
	GlobalSection(SolutionConfigurationPlatforms) = preSolution
		Debug|Any CPU = Debug|Any CPU
		Release|Any CPU = Release|Any CPU
	EndGlobalSection
	GlobalSection(ProjectConfigurationPlatforms) = postSolution
		{11CAA95F-D250-45D7-A123-1FF8E67603C6}.Debug|Any CPU.ActiveCfg = Debug|Any CPU
		{11CAA95F-D250-45D7-A123-1FF8E67603C6}.Debug|Any CPU.Build.0 = Debug|Any CPU
		{11CAA95F-D250-45D7-A123-1FF8E67603C6}.Release|Any CPU.ActiveCfg = Release|Any CPU
		{11CAA95F-D250-45D7-A123-1FF8E67603C6}.Release|Any CPU.Build.0 = Release|Any CPU
	EndGlobalSection
	GlobalSection(SolutionProperties) = preSolution
		HideSolutionNode = FALSE
	EndGlobalSection
	GlobalSection(ExtensibilityGlobals) = postSolution
		SolutionGuid = {0FACC6E5-2F1C-440C-9295-10FA03A66214}
	EndGlobalSection
EndGlobal
